{
  "version": 4,
  "terraform_version": "1.2.2",
  "serial": 5,
  "lineage": "63fbf4e2-423c-ad7a-f999-455670bba63b",
  "outputs": {},
  "resources": [
    {
      "mode": "managed",
      "type": "github_repository",
      "name": "demo2",
      "provider": "provider[\"registry.terraform.io/integrations/github\"]",
      "instances": [
        {
          "schema_version": 0,
          "attributes": {
            "allow_auto_merge": false,
            "allow_merge_commit": true,
            "allow_rebase_merge": true,
            "allow_squash_merge": true,
            "archive_on_destroy": null,
            "archived": false,
            "auto_init": null,
            "branches": [
              {
                "name": "main",
                "protected": false
              }
            ],
            "default_branch": "main",
            "delete_branch_on_merge": false,
            "description": "A demo GitHub repository created by Terraform",
            "etag": "W/\"e60f721fcdbd6b7f42bfb17c7948f3cd721cb202b7a6cb8b18d18e57a7d93072\"",
            "full_name": "mkaraminejad/demo2",
            "git_clone_url": "git://github.com/mkaraminejad/demo2.git",
            "gitignore_template": null,
            "has_downloads": false,
            "has_issues": true,
            "has_projects": false,
            "has_wiki": false,
            "homepage_url": "",
            "html_url": "https://github.com/mkaraminejad/demo2",
            "http_clone_url": "https://github.com/mkaraminejad/demo2.git",
            "id": "demo2",
            "ignore_vulnerability_alerts_during_read": null,
            "is_template": false,
            "license_template": "mit",
            "name": "demo2",
            "node_id": "R_kgDOH29wgw",
            "pages": [],
            "private": false,
            "repo_id": 527396995,
            "ssh_clone_url": "git@github.com:mkaraminejad/demo2.git",
            "svn_url": "https://github.com/mkaraminejad/demo2",
            "template": [],
            "topics": [
              "example",
              "github",
              "infrastructure-as-code",
              "operations",
              "public",
              "terraform"
            ],
            "visibility": "public",
            "vulnerability_alerts": false
          },
          "sensitive_attributes": [],
          "private": "bnVsbA=="
        }
      ]
    }
  ]
}
